
Microsoft Visual Studio Solution File, Format Version 12.00
# Visual Studio 2012
Project("{F2A71F9B-5D33-465A-A702-920D77279786}") = "DevEd.FsCheck", "DevEd.FsCheck\DevEd.FsCheck.fsproj", "{148D58CC-6ED3-41EE-A515-448F359B6BBD}"
EndProject
Project("{F2A71F9B-5D33-465A-A702-920D77279786}") = "TestRunner", "TestRunner\TestRunner.fsproj", "{A9202207-B74A-4E3D-9419-E69B53B7EF9A}"
EndProject
Global
	GlobalSection(SolutionConfigurationPlatforms) = preSolution
		Debug|Any CPU = Debug|Any CPU
		Release|Any CPU = Release|Any CPU
	EndGlobalSection
	GlobalSection(ProjectConfigurationPlatforms) = postSolution
		{148D58CC-6ED3-41EE-A515-448F359B6BBD}.Debug|Any CPU.ActiveCfg = Debug|Any CPU
		{148D58CC-6ED3-41EE-A515-448F359B6BBD}.Debug|Any CPU.Build.0 = Debug|Any CPU
		{148D58CC-6ED3-41EE-A515-448F359B6BBD}.Release|Any CPU.ActiveCfg = Release|Any CPU
		{148D58CC-6ED3-41EE-A515-448F359B6BBD}.Release|Any CPU.Build.0 = Release|Any CPU
		{A9202207-B74A-4E3D-9419-E69B53B7EF9A}.Debug|Any CPU.ActiveCfg = Debug|Any CPU
		{A9202207-B74A-4E3D-9419-E69B53B7EF9A}.Debug|Any CPU.Build.0 = Debug|Any CPU
		{A9202207-B74A-4E3D-9419-E69B53B7EF9A}.Release|Any CPU.ActiveCfg = Release|Any CPU
		{A9202207-B74A-4E3D-9419-E69B53B7EF9A}.Release|Any CPU.Build.0 = Release|Any CPU
	EndGlobalSection
	GlobalSection(SolutionProperties) = preSolution
		HideSolutionNode = FALSE
	EndGlobalSection
EndGlobal
